<?xml version="1.0" encoding="UTF-8"?>
<CONFIG>
  <ProjectOptions>
    <Version Value="10"/>
    <PathDelim Value="\"/>
    <General>
      <MainUnit Value="0"/>
      <Title Value="mricrogl"/>
      <UseXPManifest Value="True"/>
      <XPManifest>
        <DpiAware Value="True"/>
      </XPManifest>
      <Icon Value="0"/>
    </General>
    <VersionInfo>
      <Language Value=""/>
      <CharSet Value=""/>
    </VersionInfo>
    <BuildModes Count="4" >
      <Item1 Name="default" Default="True"/>
      <Item2 Name="Debug">
        <CompilerOptions>
          <Version Value="11"/>
          <PathDelim Value="\"/>
          <Target>
            <Filename Value="MRIcroGL"/>
          </Target>
          <SearchPaths>
            <IncludeFiles Value="$(ProjOutDir)"/>
            <UnitOutputDirectory Value="lib\$(TargetCPU)-$(TargetOS)"/>
          </SearchPaths>
          <Parsing>
            <SyntaxOptions>
              <SyntaxMode Value="Delphi"/>
              <IncludeAssertionCode Value="True"/>
              <UseAnsiStrings Value="False"/>
            </SyntaxOptions>
          </Parsing>
          <CodeGeneration>
            <Checks>
              <IOChecks Value="True"/>
              <RangeChecks Value="True"/>
              <OverflowChecks Value="True"/>
              <StackChecks Value="True"/>
            </Checks>
          </CodeGeneration>
          <Linking>
            <Debugging>
              <DebugInfoType Value="dsDwarf2Set"/>
              <UseLineInfoUnit Value="False"/>
              <UseHeaptrc Value="True"/>
              <StripSymbols Value="True"/>
              <UseExternalDbgSyms Value="True"/>
            </Debugging>
            <Options>
              <LinkerOptions Value="-macosx_version_min 10.4"/>
              <Win32>
                <GraphicApplication Value="True"/>
              </Win32>
            </Options>
          </Linking>
          <Other>
            <WriteFPCLogo Value="False"/>
          </Other>
        </CompilerOptions>
      </Item2>
      <Item3 Name="Release">
        <CompilerOptions>
          <Version Value="11"/>
          <PathDelim Value="\"/>
          <Target>
            <Filename Value="MRIcroGL"/>
          </Target>
          <SearchPaths>
            <IncludeFiles Value="$(ProjOutDir)"/>
            <UnitOutputDirectory Value="lib\$(TargetCPU)-$(TargetOS)"/>
          </SearchPaths>
          <Conditionals Value="//UnitPath += ';$(FPCSrcDir)/packages/opengl/src;$(LazarusDir)/components/opengl';
//IncPath += ';$(FPCSrcDir)/packages/opengl/src;$(LazarusDir)/components/opengl';

//if TargetOS='linux' then
//   UnitPath += ';$(LazarusDir)/components/opengl;/usr/share/fpcsrc/3.0.0/packages/opengl/src;/usr/lib/fpc/3.0.0/source/packages/opengl/src';

// example for adding linker options on Mac OS X
//if TargetOS='darwin' then
//  LinkerOptions := ' -framework OpenGL';

// example for adding a unit and include path on Windows
//if SrcOS='win' then begin
//  UnitPath += ';win';
//  IncPath += ';win';
//end;"/>
          <Parsing>
            <SyntaxOptions>
              <SyntaxMode Value="Delphi"/>
              <UseAnsiStrings Value="False"/>
            </SyntaxOptions>
          </Parsing>
          <CodeGeneration>
            <SmartLinkUnit Value="True"/>
            <Optimizations>
              <OptimizationLevel Value="3"/>
            </Optimizations>
          </CodeGeneration>
          <Linking>
            <Debugging>
              <GenerateDebugInfo Value="False"/>
              <StripSymbols Value="True"/>
            </Debugging>
            <LinkSmart Value="True"/>
            <Options>
              <LinkerOptions Value="-macosx_version_min 10.4"/>
              <Win32>
                <GraphicApplication Value="True"/>
              </Win32>
            </Options>
          </Linking>
          <Other>
            <WriteFPCLogo Value="False"/>
          </Other>
        </CompilerOptions>
      </Item3>
      <Item4 Name="MacOS">
        <MacroValues Count="1">
          <Macro1 Name="LCLWidgetType" Value="cocoa"/>
        </MacroValues>
        <CompilerOptions>
          <Version Value="11"/>
          <PathDelim Value="\"/>
          <Target>
            <Filename Value="MRIcroGL"/>
          </Target>
          <SearchPaths>
            <IncludeFiles Value="$(ProjOutDir)"/>
            <UnitOutputDirectory Value="lib\$(TargetCPU)-$(TargetOS)"/>
          </SearchPaths>
          <Conditionals Value="//UnitPath += ';$(FPCSrcDir)/packages/opengl/src;$(LazarusDir)/components/opengl';
//IncPath += ';$(FPCSrcDir)/packages/opengl/src;$(LazarusDir)/components/opengl';
if TargetOS='darwin' then
 UnitPath += ';$(FPCSrcDir)/packages/opengl/src;$(LazarusDir)/components/opengl'
//if TargetOS='linux' then
//if (TargetOS='darwin') then
//   UnitPath += ';$(LazarusDir)/components/opengl;/usr/share/fpcsrc/3.0.0/packages/opengl/src;/usr/lib/fpc/3.0.0/source/packages/opengl/src';

// example for adding linker options on Mac OS X
//if TargetOS='darwin' then
//  LinkerOptions := ' -framework OpenGL';

// example for adding a unit and include path on Windows
//if SrcOS='win' then begin
//  UnitPath += ';win';
//  IncPath += ';win';
//end;"/>
          <Parsing>
            <SyntaxOptions>
              <SyntaxMode Value="Delphi"/>
              <UseAnsiStrings Value="False"/>
            </SyntaxOptions>
          </Parsing>
          <CodeGeneration>
            <SmartLinkUnit Value="True"/>
            <Optimizations>
              <OptimizationLevel Value="3"/>
            </Optimizations>
          </CodeGeneration>
          <Linking>
            <Debugging>
              <GenerateDebugInfo Value="False"/>
              <StripSymbols Value="True"/>
            </Debugging>
            <LinkSmart Value="True"/>
            <Options>
              <LinkerOptions Value="-macosx_version_min 10.4"/>
              <Win32>
                <GraphicApplication Value="True"/>
              </Win32>
            </Options>
          </Linking>
          <Other>
            <WriteFPCLogo Value="False"/>
          </Other>
        </CompilerOptions>
      </Item4>
      <SharedMatrixOptions Count="1">
        <Item1 ID="484115979534" Modes="MacOS" Type="IDEMacro" MacroName="LCLWidgetType" Value="cocoa"/>
      </SharedMatrixOptions>
    </BuildModes>
    <PublishOptions>
      <Version Value="2"/>
      <IgnoreBinaries Value="False"/>
      <IncludeFileFilter Value="*.(pas|pp|inc|lfm|lpr|lrs|lpi|lpk|sh|xml)"/>
      <ExcludeFileFilter Value="*.(bak|ppu|ppw|o|so);*~;backup"/>
    </PublishOptions>
    <RunParams>
      <local>
        <FormatVersion Value="1"/>
        <LaunchingApplication PathPlusParams="\usr\X11R6\bin\xterm -T 'Lazarus Run Output' -e $(LazarusDir)\tools\runwait.sh $(TargetCmdLine)"/>
      </local>
    </RunParams>
    <RequiredPackages Count="3">
      <Item1>
        <PackageName Value="pascalscript"/>
      </Item1>
      <Item2>
        <PackageName Value="LazOpenGLContext"/>
      </Item2>
      <Item3>
        <PackageName Value="LCL"/>
      </Item3>
    </RequiredPackages>
    <Units Count="59">
      <Unit0>
        <Filename Value="simplelaz.lpr"/>
        <IsPartOfProject Value="True"/>
        <EditorIndex Value="-1"/>
        <WindowIndex Value="1"/>
        <TopLine Value="3"/>
        <CursorPos X="8" Y="12"/>
        <UsageCount Value="207"/>
        <DefaultSyntaxHighlighter Value="Delphi"/>
      </Unit0>
      <Unit1>
        <Filename Value="mainunit.pas"/>
        <IsPartOfProject Value="True"/>
        <ComponentName Value="GLForm1"/>
        <HasResources Value="True"/>
        <ResourceBaseClass Value="Form"/>
        <WindowIndex Value="1"/>
        <TopLine Value="1893"/>
        <CursorPos X="36" Y="1899"/>
        <UsageCount Value="207"/>
        <Loaded Value="True"/>
        <LoadedDesigner Value="True"/>
        <DefaultSyntaxHighlighter Value="Delphi"/>
      </Unit1>
      <Unit2>
        <Filename Value="scriptengine.pas"/>
        <IsPartOfProject Value="True"/>
        <ComponentName Value="ScriptForm"/>
        <HasResources Value="True"/>
        <ResourceBaseClass Value="Form"/>
        <EditorIndex Value="8"/>
        <WindowIndex Value="1"/>
        <TopLine Value="489"/>
        <CursorPos X="12" Y="498"/>
        <UsageCount Value="207"/>
        <Loaded Value="True"/>
        <LoadedDesigner Value="True"/>
        <DefaultSyntaxHighlighter Value="Delphi"/>
      </Unit2>
      <Unit3>
        <Filename Value="readint.pas"/>
        <IsPartOfProject Value="True"/>
        <ComponentName Value="ReadIntForm"/>
        <HasResources Value="True"/>
        <ResourceBaseClass Value="Form"/>
        <EditorIndex Value="-1"/>
        <WindowIndex Value="1"/>
        <TopLine Value="3"/>
        <CursorPos X="35" Y="5"/>
        <UsageCount Value="207"/>
        <DefaultSyntaxHighlighter Value="Delphi"/>
      </Unit3>
      <Unit4>
        <Filename Value="commandsu.pas"/>
        <EditorIndex Value="7"/>
        <WindowIndex Value="1"/>
        <TopLine Value="497"/>
        <CursorPos Y="517"/>
        <UsageCount Value="89"/>
        <Loaded Value="True"/>
        <DefaultSyntaxHighlighter Value="Delphi"/>
      </Unit4>
      <Unit5>
        <Filename Value="slices2d.pas"/>
        <IsVisibleTab Value="True"/>
        <EditorIndex Value="6"/>
        <WindowIndex Value="1"/>
        <TopLine Value="730"/>
        <CursorPos X="211" Y="750"/>
        <UsageCount Value="86"/>
        <Loaded Value="True"/>
        <DefaultSyntaxHighlighter Value="Delphi"/>
      </Unit5>
      <Unit6>
        <Filename Value="raycastglsl.pas"/>
        <IsPartOfProject Value="True"/>
        <EditorIndex Value="-1"/>
        <WindowIndex Value="1"/>
        <TopLine Value="542"/>
        <CursorPos X="6" Y="555"/>
        <UsageCount Value="200"/>
        <DefaultSyntaxHighlighter Value="Delphi"/>
      </Unit6>
      <Unit7>
        <Filename Value="texture_3d_unit.pas"/>
        <EditorIndex Value="-1"/>
        <WindowIndex Value="1"/>
        <TopLine Value="720"/>
        <CursorPos X="14" Y="722"/>
        <UsageCount Value="79"/>
        <DefaultSyntaxHighlighter Value="Delphi"/>
      </Unit7>
      <Unit8>
        <Filename Value="texture2raycast.pas"/>
        <EditorIndex Value="-1"/>
        <WindowIndex Value="1"/>
        <TopLine Value="16"/>
        <CursorPos X="7" Y="24"/>
        <UsageCount Value="123"/>
        <DefaultSyntaxHighlighter Value="Delphi"/>
      </Unit8>
      <Unit9>
        <Filename Value="shaderui.pas"/>
        <IsPartOfProject Value="True"/>
        <EditorIndex Value="-1"/>
        <WindowIndex Value="1"/>
        <TopLine Value="135"/>
        <CursorPos Y="146"/>
        <UsageCount Value="224"/>
        <DefaultSyntaxHighlighter Value="Delphi"/>
      </Unit9>
      <Unit10>
        <Filename Value="prefs.pas"/>
        <EditorIndex Value="9"/>
        <WindowIndex Value="1"/>
        <CursorPos X="29" Y="176"/>
        <UsageCount Value="100"/>
        <Loaded Value="True"/>
        <DefaultSyntaxHighlighter Value="Delphi"/>
      </Unit10>
      <Unit11>
        <Filename Value="shaderu.pas"/>
        <EditorIndex Value="-1"/>
        <WindowIndex Value="1"/>
        <TopLine Value="83"/>
        <CursorPos X="11" Y="93"/>
        <UsageCount Value="78"/>
        <DefaultSyntaxHighlighter Value="Delphi"/>
      </Unit11>
      <Unit12>
        <Filename Value="nifti_hdr.pas"/>
        <EditorIndex Value="-1"/>
        <WindowIndex Value="1"/>
        <TopLine Value="35"/>
        <CursorPos X="21" Y="45"/>
        <UsageCount Value="98"/>
        <DefaultSyntaxHighlighter Value="Delphi"/>
      </Unit12>
      <Unit13>
        <Filename Value="define_types.pas"/>
        <EditorIndex Value="-1"/>
        <WindowIndex Value="1"/>
        <TopLine Value="63"/>
        <CursorPos X="88" Y="64"/>
        <UsageCount Value="131"/>
        <DefaultSyntaxHighlighter Value="Delphi"/>
      </Unit13>
      <Unit14>
        <Filename Value="nifti_dicom.pas"/>
        <IsPartOfProject Value="True"/>
        <TopLine Value="408"/>
        <CursorPos Y="417"/>
        <UsageCount Value="202"/>
        <DefaultSyntaxHighlighter Value="Delphi"/>
      </Unit14>
      <Unit15>
        <Filename Value="clustering.pas"/>
        <IsPartOfProject Value="True"/>
        <TopLine Value="3"/>
        <CursorPos X="62" Y="10"/>
        <UsageCount Value="316"/>
        <DefaultSyntaxHighlighter Value="Delphi"/>
      </Unit15>
      <Unit16>
        <Filename Value="rle.pas"/>
        <TopLine Value="32"/>
        <CursorPos X="22" Y="36"/>
        <UsageCount Value="262"/>
        <DefaultSyntaxHighlighter Value="Delphi"/>
      </Unit16>
      <Unit17>
        <Filename Value="nii_reslice.pas"/>
        <EditorIndex Value="-1"/>
        <WindowIndex Value="1"/>
        <TopLine Value="793"/>
        <CursorPos X="29" Y="806"/>
        <UsageCount Value="71"/>
        <DefaultSyntaxHighlighter Value="Delphi"/>
      </Unit17>
      <Unit18>
        <Filename Value="savethreshold.pas"/>
        <IsPartOfProject Value="True"/>
        <WindowIndex Value="1"/>
        <TopLine Value="223"/>
        <CursorPos X="20" Y="242"/>
        <UsageCount Value="273"/>
        <DefaultSyntaxHighlighter Value="Delphi"/>
      </Unit18>
      <Unit19>
        <Filename Value="reslice.pas"/>
        <IsPartOfProject Value="True"/>
        <ComponentName Value="ResliceForm"/>
        <HasResources Value="True"/>
        <ResourceBaseClass Value="Form"/>
        <EditorIndex Value="-1"/>
        <WindowIndex Value="1"/>
        <CursorPos X="20" Y="9"/>
        <UsageCount Value="267"/>
        <DefaultSyntaxHighlighter Value="Delphi"/>
      </Unit19>
      <Unit20>
        <Filename Value="C:\usr\local\share\fpcsrc\rtl\objpas\classes\classesh.inc"/>
        <TopLine Value="689"/>
        <CursorPos X="39" Y="706"/>
        <UsageCount Value="2"/>
        <DefaultSyntaxHighlighter Value="Delphi"/>
      </Unit20>
      <Unit21>
        <Filename Value="drawu.pas"/>
        <IsPartOfProject Value="True"/>
        <EditorIndex Value="1"/>
        <WindowIndex Value="1"/>
        <TopLine Value="21"/>
        <CursorPos X="18" Y="34"/>
        <UsageCount Value="200"/>
        <Loaded Value="True"/>
        <DefaultSyntaxHighlighter Value="Delphi"/>
      </Unit21>
      <Unit22>
        <Filename Value="colorbar2d.pas"/>
        <EditorIndex Value="-1"/>
        <WindowIndex Value="1"/>
        <TopLine Value="90"/>
        <CursorPos X="10" Y="98"/>
        <UsageCount Value="51"/>
        <DefaultSyntaxHighlighter Value="Delphi"/>
      </Unit22>
      <Unit23>
        <Filename Value="dcm2nii.pas"/>
        <IsPartOfProject Value="True"/>
        <ComponentName Value="dcm2niiForm"/>
        <HasResources Value="True"/>
        <ResourceBaseClass Value="Form"/>
        <EditorIndex Value="-1"/>
        <WindowIndex Value="1"/>
        <TopLine Value="77"/>
        <CursorPos X="22" Y="100"/>
        <UsageCount Value="200"/>
        <DefaultSyntaxHighlighter Value="Delphi"/>
      </Unit23>
      <Unit24>
        <Filename Value="nifti_foreign.pas"/>
        <EditorIndex Value="-1"/>
        <WindowIndex Value="1"/>
        <TopLine Value="1825"/>
        <CursorPos X="44" Y="1826"/>
        <UsageCount Value="85"/>
        <DefaultSyntaxHighlighter Value="Delphi"/>
      </Unit24>
      <Unit25>
        <Filename Value="clut.pas"/>
        <IsPartOfProject Value="True"/>
        <EditorIndex Value="-1"/>
        <WindowIndex Value="1"/>
        <TopLine Value="89"/>
        <CursorPos X="26" Y="96"/>
        <UsageCount Value="201"/>
        <DefaultSyntaxHighlighter Value="Delphi"/>
      </Unit25>
      <Unit26>
        <Filename Value="autoroi.pas"/>
        <IsPartOfProject Value="True"/>
        <ComponentName Value="AutoROIForm"/>
        <HasResources Value="True"/>
        <ResourceBaseClass Value="Form"/>
        <EditorIndex Value="-1"/>
        <WindowIndex Value="1"/>
        <TopLine Value="65"/>
        <CursorPos X="32" Y="75"/>
        <UsageCount Value="201"/>
        <DefaultSyntaxHighlighter Value="Delphi"/>
      </Unit26>
      <Unit27>
        <Filename Value="nifti_types.pas"/>
        <EditorIndex Value="-1"/>
        <WindowIndex Value="1"/>
        <TopLine Value="28"/>
        <CursorPos X="20" Y="51"/>
        <UsageCount Value="8"/>
        <DefaultSyntaxHighlighter Value="Delphi"/>
      </Unit27>
      <Unit28>
        <Filename Value="extractui.pas"/>
        <IsPartOfProject Value="True"/>
        <ComponentName Value="ExtractForm"/>
        <HasResources Value="True"/>
        <ResourceBaseClass Value="Form"/>
        <EditorIndex Value="-1"/>
        <WindowIndex Value="1"/>
        <CursorPos X="67" Y="13"/>
        <UsageCount Value="200"/>
        <DefaultSyntaxHighlighter Value="Delphi"/>
      </Unit28>
      <Unit29>
        <Filename Value="uscaledpi.pas"/>
        <IsPartOfProject Value="True"/>
        <EditorIndex Value="-1"/>
        <WindowIndex Value="1"/>
        <TopLine Value="110"/>
        <CursorPos X="22" Y="115"/>
        <UsageCount Value="200"/>
        <DefaultSyntaxHighlighter Value="Delphi"/>
      </Unit29>
      <Unit30>
        <Filename Value="userdir.pas"/>
        <EditorIndex Value="-1"/>
        <WindowIndex Value="1"/>
        <TopLine Value="243"/>
        <CursorPos X="6" Y="260"/>
        <UsageCount Value="31"/>
        <DefaultSyntaxHighlighter Value="Delphi"/>
      </Unit30>
      <Unit31>
        <Filename Value="C:\usr\local\share\fpcsrc\packages\fcl-base\src\inifiles.pp"/>
        <UnitName Value="IniFiles"/>
        <EditorIndex Value="-1"/>
        <WindowIndex Value="1"/>
        <TopLine Value="59"/>
        <UsageCount Value="19"/>
        <DefaultSyntaxHighlighter Value="Delphi"/>
      </Unit31>
      <Unit32>
        <Filename Value="C:\lazarus\components\lazutils\fileutil.pas"/>
        <UnitName Value="FileUtil"/>
        <EditorIndex Value="-1"/>
        <WindowIndex Value="1"/>
        <TopLine Value="153"/>
        <CursorPos X="35" Y="167"/>
        <UsageCount Value="17"/>
        <DefaultSyntaxHighlighter Value="Delphi"/>
      </Unit32>
      <Unit33>
        <Filename Value="C:\lazarus\components\codetools\fileprocs.pas"/>
        <UnitName Value="FileProcs"/>
        <EditorIndex Value="-1"/>
        <WindowIndex Value="1"/>
        <TopLine Value="1342"/>
        <CursorPos X="66" Y="1346"/>
        <UsageCount Value="17"/>
        <DefaultSyntaxHighlighter Value="Delphi"/>
      </Unit33>
      <Unit34>
        <Filename Value="C:\usr\local\share\fpcsrc\rtl\inc\objpash.inc"/>
        <EditorIndex Value="-1"/>
        <WindowIndex Value="1"/>
        <TopLine Value="177"/>
        <CursorPos X="8" Y="192"/>
        <UsageCount Value="15"/>
        <DefaultSyntaxHighlighter Value="Delphi"/>
      </Unit34>
      <Unit35>
        <Filename Value="opts.inc"/>
        <EditorIndex Value="-1"/>
        <WindowIndex Value="1"/>
        <CursorPos X="3" Y="8"/>
        <UsageCount Value="67"/>
        <DefaultSyntaxHighlighter Value="Delphi"/>
      </Unit35>
      <Unit36>
        <Filename Value="C:\lazarus\lcl\interfaces\carbon\carbonint.pas"/>
        <UnitName Value="CarbonInt"/>
        <EditorIndex Value="-1"/>
        <WindowIndex Value="1"/>
        <TopLine Value="35"/>
        <CursorPos X="28" Y="40"/>
        <UsageCount Value="11"/>
        <DefaultSyntaxHighlighter Value="Delphi"/>
      </Unit36>
      <Unit37>
        <Filename Value="raycast_legacy.pas"/>
        <EditorIndex Value="3"/>
        <WindowIndex Value="1"/>
        <TopLine Value="863"/>
        <CursorPos X="5" Y="881"/>
        <UsageCount Value="100"/>
        <Loaded Value="True"/>
        <DefaultSyntaxHighlighter Value="Delphi"/>
      </Unit37>
      <Unit38>
        <Filename Value="raycast_common.pas"/>
        <EditorIndex Value="-1"/>
        <WindowIndex Value="1"/>
        <TopLine Value="151"/>
        <CursorPos X="32" Y="160"/>
        <UsageCount Value="78"/>
        <DefaultSyntaxHighlighter Value="Delphi"/>
      </Unit38>
      <Unit39>
        <Filename Value="raycast_core.pas"/>
        <EditorIndex Value="-1"/>
        <WindowIndex Value="1"/>
        <TopLine Value="435"/>
        <CursorPos X="57" Y="443"/>
        <UsageCount Value="24"/>
        <DefaultSyntaxHighlighter Value="Delphi"/>
      </Unit39>
      <Unit40>
        <Filename Value="gl_core_matrix.pas"/>
        <EditorIndex Value="-1"/>
        <WindowIndex Value="1"/>
        <TopLine Value="46"/>
        <CursorPos X="7" Y="52"/>
        <UsageCount Value="10"/>
        <DefaultSyntaxHighlighter Value="Delphi"/>
      </Unit40>
      <Unit41>
        <Filename Value="gl_2d.pas"/>
        <EditorIndex Value="-1"/>
        <WindowIndex Value="1"/>
        <TopLine Value="118"/>
        <CursorPos X="24" Y="125"/>
        <UsageCount Value="13"/>
        <DefaultSyntaxHighlighter Value="Delphi"/>
      </Unit41>
      <Unit42>
        <Filename Value="nifti_tiff.pas"/>
        <IsPartOfProject Value="True"/>
        <EditorIndex Value="-1"/>
        <WindowIndex Value="1"/>
        <TopLine Value="909"/>
        <CursorPos X="28" Y="931"/>
        <UsageCount Value="276"/>
        <DefaultSyntaxHighlighter Value="Delphi"/>
      </Unit42>
      <Unit43>
        <Filename Value="texture_3d_unit_transfertexture.pas"/>
        <EditorIndex Value="-1"/>
        <WindowIndex Value="1"/>
        <TopLine Value="582"/>
        <CursorPos X="15" Y="596"/>
        <UsageCount Value="25"/>
        <DefaultSyntaxHighlighter Value="Delphi"/>
      </Unit43>
      <Unit44>
        <Filename Value="C:\usr\local\share\fpcsrc\rtl\objpas\sysutils\finah.inc"/>
        <EditorIndex Value="-1"/>
        <WindowIndex Value="1"/>
        <TopLine Value="18"/>
        <CursorPos X="38" Y="33"/>
        <UsageCount Value="8"/>
        <DefaultSyntaxHighlighter Value="Delphi"/>
      </Unit44>
      <Unit45>
        <Filename Value="C:\usr\local\share\fpcsrc\rtl\inc\systemh.inc"/>
        <EditorIndex Value="-1"/>
        <WindowIndex Value="1"/>
        <TopLine Value="775"/>
        <CursorPos X="16" Y="780"/>
        <UsageCount Value="10"/>
        <DefaultSyntaxHighlighter Value="Delphi"/>
      </Unit45>
      <Unit46>
        <Filename Value="lut.pas"/>
        <EditorIndex Value="-1"/>
        <WindowIndex Value="1"/>
        <TopLine Value="84"/>
        <CursorPos X="40" Y="86"/>
        <UsageCount Value="16"/>
        <DefaultSyntaxHighlighter Value="Delphi"/>
      </Unit46>
      <Unit47>
        <Filename Value="histogram.pas"/>
        <EditorIndex Value="-1"/>
        <WindowIndex Value="1"/>
        <TopLine Value="254"/>
        <CursorPos X="54" Y="258"/>
        <UsageCount Value="16"/>
        <DefaultSyntaxHighlighter Value="Delphi"/>
      </Unit47>
      <Unit48>
        <Filename Value="textfx.pas"/>
        <EditorIndex Value="-1"/>
        <WindowIndex Value="1"/>
        <CursorPos X="3" Y="8"/>
        <UsageCount Value="20"/>
        <DefaultSyntaxHighlighter Value="Delphi"/>
      </Unit48>
      <Unit49>
        <Filename Value="C:\lazarus\lcl\interfaces\cocoa\cocoautils.pas"/>
        <UnitName Value="CocoaUtils"/>
        <EditorIndex Value="-1"/>
        <WindowIndex Value="1"/>
        <TopLine Value="44"/>
        <CursorPos X="35" Y="53"/>
        <UsageCount Value="11"/>
        <DefaultSyntaxHighlighter Value="Delphi"/>
      </Unit49>
      <Unit50>
        <Filename Value="C:\usr\local\share\fpcsrc\rtl\inc\objcbase.pp"/>
        <EditorIndex Value="-1"/>
        <WindowIndex Value="1"/>
        <CursorPos X="14" Y="16"/>
        <UsageCount Value="11"/>
        <DefaultSyntaxHighlighter Value="Delphi"/>
      </Unit50>
      <Unit51>
        <Filename Value="C:\usr\local\share\fpcsrc\packages\univint\src\Quickdraw.pas"/>
        <EditorIndex Value="-1"/>
        <WindowIndex Value="1"/>
        <TopLine Value="716"/>
        <CursorPos Y="722"/>
        <UsageCount Value="9"/>
        <DefaultSyntaxHighlighter Value="Delphi"/>
      </Unit51>
      <Unit52>
        <Filename Value="C:\lazarus\lcl\interfaces\cocoa\cocoawsmenus.pas"/>
        <UnitName Value="CocoaWSMenus"/>
        <EditorIndex Value="-1"/>
        <WindowIndex Value="1"/>
        <TopLine Value="20"/>
        <CursorPos X="14" Y="22"/>
        <UsageCount Value="9"/>
        <DefaultSyntaxHighlighter Value="Delphi"/>
      </Unit52>
      <Unit53>
        <Filename Value="C:\usr\local\share\fpcsrc\packages\opengl\src\gl.pp"/>
        <UnitName Value="GL"/>
        <EditorIndex Value="-1"/>
        <WindowIndex Value="1"/>
        <TopLine Value="1419"/>
        <CursorPos X="3" Y="1429"/>
        <UsageCount Value="10"/>
        <DefaultSyntaxHighlighter Value="Delphi"/>
      </Unit53>
      <Unit54>
        <Filename Value="C:\usr\local\share\fpcsrc\packages\opengl\src\glext.pp"/>
        <UnitName Value="GLext"/>
        <EditorIndex Value="-1"/>
        <WindowIndex Value="1"/>
        <TopLine Value="4181"/>
        <CursorPos X="3" Y="4190"/>
        <UsageCount Value="10"/>
        <DefaultSyntaxHighlighter Value="Delphi"/>
      </Unit54>
      <Unit55>
        <Filename Value="glcube.pas"/>
        <EditorIndex Value="4"/>
        <WindowIndex Value="1"/>
        <TopLine Value="368"/>
        <CursorPos X="47" Y="378"/>
        <UsageCount Value="17"/>
        <Loaded Value="True"/>
        <DefaultSyntaxHighlighter Value="Delphi"/>
      </Unit55>
      <Unit56>
        <Filename Value="gltext.pas"/>
        <EditorIndex Value="10"/>
        <WindowIndex Value="1"/>
        <TopLine Value="186"/>
        <CursorPos Y="193"/>
        <UsageCount Value="18"/>
        <Loaded Value="True"/>
        <DefaultSyntaxHighlighter Value="Delphi"/>
      </Unit56>
      <Unit57>
        <Filename Value="glclrbar.pas"/>
        <EditorIndex Value="5"/>
        <WindowIndex Value="1"/>
        <CursorPos X="36" Y="409"/>
        <UsageCount Value="17"/>
        <Loaded Value="True"/>
        <DefaultSyntaxHighlighter Value="Delphi"/>
      </Unit57>
      <Unit58>
        <Filename Value="..\..\..\lazarus\lcl\interfaces\carbon\carbonint.pas"/>
        <UnitName Value="CarbonInt"/>
        <EditorIndex Value="2"/>
        <WindowIndex Value="1"/>
        <TopLine Value="36"/>
        <CursorPos X="3" Y="48"/>
        <UsageCount Value="11"/>
        <Loaded Value="True"/>
      </Unit58>
    </Units>
    <JumpHistory Count="30" HistoryIndex="29">
      <Position1>
        <Filename Value="mainunit.pas"/>
        <Caret Line="4027" Column="16" TopLine="4005"/>
      </Position1>
      <Position2>
        <Filename Value="mainunit.pas"/>
        <Caret Line="4040" Column="14" TopLine="4018"/>
      </Position2>
      <Position3>
        <Filename Value="mainunit.pas"/>
        <Caret Line="4041" Column="12" TopLine="4019"/>
      </Position3>
      <Position4>
        <Filename Value="mainunit.pas"/>
        <Caret Line="3987" Column="19" TopLine="3985"/>
      </Position4>
      <Position5>
        <Filename Value="mainunit.pas"/>
        <Caret Line="2165" Column="23" TopLine="2158"/>
      </Position5>
      <Position6>
        <Filename Value="mainunit.pas"/>
        <Caret Line="3" Column="86"/>
      </Position6>
      <Position7>
        <Filename Value="mainunit.pas"/>
        <Caret Line="429" Column="38" TopLine="408"/>
      </Position7>
      <Position8>
        <Filename Value="mainunit.pas"/>
        <Caret Line="1904" Column="37" TopLine="1886"/>
      </Position8>
      <Position9>
        <Filename Value="mainunit.pas"/>
        <Caret Line="1908" Column="26" TopLine="1886"/>
      </Position9>
      <Position10>
        <Filename Value="mainunit.pas"/>
        <Caret Line="4462" Column="22" TopLine="4440"/>
      </Position10>
      <Position11>
        <Filename Value="mainunit.pas"/>
        <Caret Line="429" Column="34" TopLine="417"/>
      </Position11>
      <Position12>
        <Filename Value="mainunit.pas"/>
        <Caret Line="1903" Column="29" TopLine="1885"/>
      </Position12>
      <Position13>
        <Filename Value="mainunit.pas"/>
        <Caret Line="1900" Column="14" TopLine="1887"/>
      </Position13>
      <Position14>
        <Filename Value="slices2d.pas"/>
        <Caret Line="56" Column="86" TopLine="50"/>
      </Position14>
      <Position15>
        <Filename Value="slices2d.pas"/>
        <Caret Line="243" Column="75" TopLine="223"/>
      </Position15>
      <Position16>
        <Filename Value="slices2d.pas"/>
        <Caret Line="248" Column="53" TopLine="225"/>
      </Position16>
      <Position17>
        <Filename Value="slices2d.pas"/>
        <Caret Line="1042" Column="21" TopLine="1027"/>
      </Position17>
      <Position18>
        <Filename Value="slices2d.pas"/>
        <Caret Line="443" Column="20" TopLine="431"/>
      </Position18>
      <Position19>
        <Filename Value="slices2d.pas"/>
        <Caret Line="451" Column="20" TopLine="431"/>
      </Position19>
      <Position20>
        <Filename Value="slices2d.pas"/>
        <Caret Line="517" Column="20" TopLine="497"/>
      </Position20>
      <Position21>
        <Filename Value="slices2d.pas"/>
        <Caret Line="532" Column="20" TopLine="512"/>
      </Position21>
      <Position22>
        <Filename Value="slices2d.pas"/>
        <Caret Line="555" Column="21" TopLine="538"/>
      </Position22>
      <Position23>
        <Filename Value="slices2d.pas"/>
        <Caret Line="748" Column="40" TopLine="728"/>
      </Position23>
      <Position24>
        <Filename Value="slices2d.pas"/>
        <Caret Line="830" Column="40" TopLine="810"/>
      </Position24>
      <Position25>
        <Filename Value="slices2d.pas"/>
        <Caret Line="451" Column="26" TopLine="439"/>
      </Position25>
      <Position26>
        <Filename Value="slices2d.pas"/>
        <Caret Line="546" Column="13" TopLine="528"/>
      </Position26>
      <Position27>
        <Filename Value="slices2d.pas"/>
        <Caret Line="748" Column="211" TopLine="735"/>
      </Position27>
      <Position28>
        <Filename Value="slices2d.pas"/>
        <Caret Line="1056" Column="39" TopLine="1038"/>
      </Position28>
      <Position29>
        <Filename Value="slices2d.pas"/>
        <Caret Line="457" Column="26" TopLine="439"/>
      </Position29>
      <Position30>
        <Filename Value="slices2d.pas"/>
        <Caret Line="554" Column="23" TopLine="546"/>
      </Position30>
    </JumpHistory>
  </ProjectOptions>
  <CompilerOptions>
    <Version Value="11"/>
    <PathDelim Value="\"/>
    <Target>
      <Filename Value="MRIcroGL"/>
    </Target>
    <SearchPaths>
      <IncludeFiles Value="$(ProjOutDir)"/>
      <UnitOutputDirectory Value="lib\$(TargetCPU)-$(TargetOS)"/>
    </SearchPaths>
    <Conditionals Value="if TargetOS='darwin' then
  UnitPath += ';$(FPCSrcDir)/packages/opengl/src';
// example for adding linker options on Mac OS X
//if TargetOS='darwin' then
//  LinkerOptions := ' -framework OpenGL';

// example for adding a unit and include path on Windows
//if SrcOS='win' then begin
//  UnitPath += ';win';
//  IncPath += ';win';
//end;"/>
    <Parsing>
      <SyntaxOptions>
        <SyntaxMode Value="Delphi"/>
        <UseAnsiStrings Value="False"/>
      </SyntaxOptions>
    </Parsing>
    <CodeGeneration>
      <SmartLinkUnit Value="True"/>
      <Optimizations>
        <OptimizationLevel Value="3"/>
      </Optimizations>
    </CodeGeneration>
    <Linking>
      <Debugging>
        <GenerateDebugInfo Value="False"/>
        <UseLineInfoUnit Value="False"/>
        <StripSymbols Value="True"/>
      </Debugging>
      <LinkSmart Value="True"/>
      <Options>
        <LinkerOptions Value="-macosx_version_min 10.4"/>
        <Win32>
          <GraphicApplication Value="True"/>
        </Win32>
      </Options>
    </Linking>
    <Other>
      <WriteFPCLogo Value="False"/>
    </Other>
  </CompilerOptions>
  <Debugging>
    <Exceptions Count="4">
      <Item1>
        <Name Value="EAbort"/>
      </Item1>
      <Item2>
        <Name Value="ECodetoolError"/>
      </Item2>
      <Item3>
        <Name Value="EFOpenError"/>
      </Item3>
      <Item4>
        <Name Value="RunError(203)"/>
      </Item4>
    </Exceptions>
  </Debugging>
</CONFIG>
