<?xml version="1.0" encoding="UTF-8"?>
<CONFIG>
  <ProjectOptions>
    <Version Value="10"/>
    <PathDelim Value="\"/>
    <General>
      <MainUnit Value="0"/>
      <Title Value="mricrogl"/>
      <UseXPManifest Value="True"/>
      <XPManifest>
        <DpiAware Value="True"/>
      </XPManifest>
      <Icon Value="0"/>
    </General>
    <VersionInfo>
      <Language Value=""/>
      <CharSet Value=""/>
    </VersionInfo>
    <BuildModes Count="3" Active="Release">
      <Item1 Name="default" Default="True"/>
      <Item2 Name="Debug">
        <CompilerOptions>
          <Version Value="11"/>
          <PathDelim Value="\"/>
          <Target>
            <Filename Value="MRIcroGL"/>
          </Target>
          <SearchPaths>
            <IncludeFiles Value="$(ProjOutDir)"/>
            <UnitOutputDirectory Value="lib\$(TargetCPU)-$(TargetOS)"/>
          </SearchPaths>
          <Parsing>
            <SyntaxOptions>
              <SyntaxMode Value="Delphi"/>
              <IncludeAssertionCode Value="True"/>
              <UseAnsiStrings Value="False"/>
            </SyntaxOptions>
          </Parsing>
          <CodeGeneration>
            <Checks>
              <IOChecks Value="True"/>
              <RangeChecks Value="True"/>
              <OverflowChecks Value="True"/>
              <StackChecks Value="True"/>
            </Checks>
          </CodeGeneration>
          <Linking>
            <Debugging>
              <DebugInfoType Value="dsDwarf2Set"/>
              <UseLineInfoUnit Value="False"/>
              <UseHeaptrc Value="True"/>
              <StripSymbols Value="True"/>
              <UseExternalDbgSyms Value="True"/>
            </Debugging>
            <Options>
              <LinkerOptions Value="-macosx_version_min 10.4"/>
              <Win32>
                <GraphicApplication Value="True"/>
              </Win32>
            </Options>
          </Linking>
          <Other>
            <WriteFPCLogo Value="False"/>
          </Other>
        </CompilerOptions>
      </Item2>
      <Item3 Name="Release">
        <CompilerOptions>
          <Version Value="11"/>
          <PathDelim Value="\"/>
          <Target>
            <Filename Value="MRIcroGL"/>
          </Target>
          <SearchPaths>
            <IncludeFiles Value="$(ProjOutDir)"/>
            <UnitOutputDirectory Value="lib\$(TargetCPU)-$(TargetOS)"/>
          </SearchPaths>
          <Parsing>
            <SyntaxOptions>
              <SyntaxMode Value="Delphi"/>
              <UseAnsiStrings Value="False"/>
            </SyntaxOptions>
          </Parsing>
          <CodeGeneration>
            <SmartLinkUnit Value="True"/>
            <Optimizations>
              <OptimizationLevel Value="3"/>
            </Optimizations>
          </CodeGeneration>
          <Linking>
            <Debugging>
              <GenerateDebugInfo Value="False"/>
              <StripSymbols Value="True"/>
            </Debugging>
            <LinkSmart Value="True"/>
            <Options>
              <LinkerOptions Value="-macosx_version_min 10.4"/>
              <Win32>
                <GraphicApplication Value="True"/>
              </Win32>
            </Options>
          </Linking>
          <Other>
            <WriteFPCLogo Value="False"/>
          </Other>
        </CompilerOptions>
      </Item3>
    </BuildModes>
    <PublishOptions>
      <Version Value="2"/>
      <IgnoreBinaries Value="False"/>
      <IncludeFileFilter Value="*.(pas|pp|inc|lfm|lpr|lrs|lpi|lpk|sh|xml)"/>
      <ExcludeFileFilter Value="*.(bak|ppu|ppw|o|so);*~;backup"/>
    </PublishOptions>
    <RunParams>
      <local>
        <FormatVersion Value="1"/>
        <LaunchingApplication PathPlusParams="\usr\X11R6\bin\xterm -T 'Lazarus Run Output' -e $(LazarusDir)\tools\runwait.sh $(TargetCmdLine)"/>
      </local>
    </RunParams>
    <RequiredPackages Count="3">
      <Item1>
        <PackageName Value="pascalscript"/>
      </Item1>
      <Item2>
        <PackageName Value="LazOpenGLContext"/>
      </Item2>
      <Item3>
        <PackageName Value="LCL"/>
      </Item3>
    </RequiredPackages>
    <Units Count="54">
      <Unit0>
        <Filename Value="simplelaz.lpr"/>
        <IsPartOfProject Value="True"/>
        <EditorIndex Value="12"/>
        <WindowIndex Value="1"/>
        <CursorPos X="14" Y="4"/>
        <UsageCount Value="207"/>
        <Loaded Value="True"/>
        <DefaultSyntaxHighlighter Value="Delphi"/>
      </Unit0>
      <Unit1>
        <Filename Value="mainunit.pas"/>
        <IsPartOfProject Value="True"/>
        <ComponentName Value="GLForm1"/>
        <HasResources Value="True"/>
        <ResourceBaseClass Value="Form"/>
        <WindowIndex Value="1"/>
        <TopLine Value="905"/>
        <CursorPos X="2" Y="909"/>
        <UsageCount Value="207"/>
        <Loaded Value="True"/>
        <LoadedDesigner Value="True"/>
        <DefaultSyntaxHighlighter Value="Delphi"/>
      </Unit1>
      <Unit2>
        <Filename Value="scriptengine.pas"/>
        <IsPartOfProject Value="True"/>
        <ComponentName Value="ScriptForm"/>
        <HasResources Value="True"/>
        <ResourceBaseClass Value="Form"/>
        <EditorIndex Value="-1"/>
        <WindowIndex Value="1"/>
        <CursorPos X="14" Y="2"/>
        <UsageCount Value="207"/>
        <DefaultSyntaxHighlighter Value="Delphi"/>
      </Unit2>
      <Unit3>
        <Filename Value="readint.pas"/>
        <IsPartOfProject Value="True"/>
        <ComponentName Value="ReadIntForm"/>
        <HasResources Value="True"/>
        <ResourceBaseClass Value="Form"/>
        <EditorIndex Value="-1"/>
        <WindowIndex Value="1"/>
        <CursorPos X="16"/>
        <UsageCount Value="207"/>
        <DefaultSyntaxHighlighter Value="Delphi"/>
      </Unit3>
      <Unit4>
        <Filename Value="commandsu.pas"/>
        <EditorIndex Value="7"/>
        <WindowIndex Value="1"/>
        <TopLine Value="136"/>
        <CursorPos X="38" Y="136"/>
        <UsageCount Value="106"/>
        <Loaded Value="True"/>
        <DefaultSyntaxHighlighter Value="Delphi"/>
      </Unit4>
      <Unit5>
        <Filename Value="slices2d.pas"/>
        <EditorIndex Value="-1"/>
        <WindowIndex Value="1"/>
        <CursorPos X="14" Y="3"/>
        <UsageCount Value="105"/>
        <DefaultSyntaxHighlighter Value="Delphi"/>
      </Unit5>
      <Unit6>
        <Filename Value="raycastglsl.pas"/>
        <IsPartOfProject Value="True"/>
        <EditorIndex Value="11"/>
        <WindowIndex Value="1"/>
        <TopLine Value="542"/>
        <CursorPos X="6" Y="555"/>
        <UsageCount Value="200"/>
        <Loaded Value="True"/>
        <DefaultSyntaxHighlighter Value="Delphi"/>
      </Unit6>
      <Unit7>
        <Filename Value="texture_3d_unit.pas"/>
        <IsVisibleTab Value="True"/>
        <EditorIndex Value="1"/>
        <WindowIndex Value="1"/>
        <TopLine Value="1337"/>
        <CursorPos X="86" Y="1359"/>
        <UsageCount Value="100"/>
        <Loaded Value="True"/>
        <DefaultSyntaxHighlighter Value="Delphi"/>
      </Unit7>
      <Unit8>
        <Filename Value="texture2raycast.pas"/>
        <EditorIndex Value="-1"/>
        <WindowIndex Value="1"/>
        <CursorPos X="47" Y="2"/>
        <UsageCount Value="92"/>
        <DefaultSyntaxHighlighter Value="Delphi"/>
      </Unit8>
      <Unit9>
        <Filename Value="shaderui.pas"/>
        <IsPartOfProject Value="True"/>
        <EditorIndex Value="8"/>
        <WindowIndex Value="1"/>
        <TopLine Value="316"/>
        <CursorPos X="29" Y="329"/>
        <UsageCount Value="224"/>
        <Loaded Value="True"/>
        <DefaultSyntaxHighlighter Value="Delphi"/>
      </Unit9>
      <Unit10>
        <Filename Value="prefs.pas"/>
        <EditorIndex Value="-1"/>
        <WindowIndex Value="1"/>
        <CursorPos X="12" Y="6"/>
        <UsageCount Value="97"/>
        <DefaultSyntaxHighlighter Value="Delphi"/>
      </Unit10>
      <Unit11>
        <Filename Value="shaderu.pas"/>
        <EditorIndex Value="10"/>
        <WindowIndex Value="1"/>
        <TopLine Value="230"/>
        <CursorPos X="5" Y="254"/>
        <UsageCount Value="89"/>
        <Loaded Value="True"/>
        <DefaultSyntaxHighlighter Value="Delphi"/>
      </Unit11>
      <Unit12>
        <Filename Value="nifti_hdr.pas"/>
        <EditorIndex Value="6"/>
        <WindowIndex Value="1"/>
        <TopLine Value="8"/>
        <CursorPos X="22" Y="16"/>
        <UsageCount Value="79"/>
        <Loaded Value="True"/>
        <DefaultSyntaxHighlighter Value="Delphi"/>
      </Unit12>
      <Unit13>
        <Filename Value="define_types.pas"/>
        <EditorIndex Value="5"/>
        <WindowIndex Value="1"/>
        <TopLine Value="182"/>
        <CursorPos X="32" Y="186"/>
        <UsageCount Value="100"/>
        <Loaded Value="True"/>
        <DefaultSyntaxHighlighter Value="Delphi"/>
      </Unit13>
      <Unit14>
        <Filename Value="nifti_dicom.pas"/>
        <IsPartOfProject Value="True"/>
        <TopLine Value="408"/>
        <CursorPos Y="417"/>
        <UsageCount Value="202"/>
        <DefaultSyntaxHighlighter Value="Delphi"/>
      </Unit14>
      <Unit15>
        <Filename Value="scaleimageintensity.pas"/>
        <WindowIndex Value="1"/>
        <TopLine Value="8"/>
        <CursorPos X="6" Y="17"/>
        <UsageCount Value="1"/>
        <DefaultSyntaxHighlighter Value="Delphi"/>
      </Unit15>
      <Unit16>
        <Filename Value="clustering.pas"/>
        <IsPartOfProject Value="True"/>
        <TopLine Value="3"/>
        <CursorPos X="62" Y="10"/>
        <UsageCount Value="316"/>
        <DefaultSyntaxHighlighter Value="Delphi"/>
      </Unit16>
      <Unit17>
        <Filename Value="rle.pas"/>
        <TopLine Value="32"/>
        <CursorPos X="22" Y="36"/>
        <UsageCount Value="296"/>
        <DefaultSyntaxHighlighter Value="Delphi"/>
      </Unit17>
      <Unit18>
        <Filename Value="nii_reslice.pas"/>
        <EditorIndex Value="-1"/>
        <WindowIndex Value="1"/>
        <TopLine Value="256"/>
        <CursorPos X="74" Y="257"/>
        <UsageCount Value="58"/>
        <DefaultSyntaxHighlighter Value="Delphi"/>
      </Unit18>
      <Unit19>
        <Filename Value="savethreshold.pas"/>
        <IsPartOfProject Value="True"/>
        <WindowIndex Value="1"/>
        <TopLine Value="223"/>
        <CursorPos X="20" Y="242"/>
        <UsageCount Value="273"/>
        <DefaultSyntaxHighlighter Value="Delphi"/>
      </Unit19>
      <Unit20>
        <Filename Value="reslice.pas"/>
        <IsPartOfProject Value="True"/>
        <ComponentName Value="ResliceForm"/>
        <HasResources Value="True"/>
        <ResourceBaseClass Value="Form"/>
        <EditorIndex Value="-1"/>
        <WindowIndex Value="1"/>
        <CursorPos X="20" Y="9"/>
        <UsageCount Value="267"/>
        <DefaultSyntaxHighlighter Value="Delphi"/>
      </Unit20>
      <Unit21>
        <Filename Value="C:\usr\local\share\fpcsrc\rtl\objpas\classes\classesh.inc"/>
        <TopLine Value="689"/>
        <CursorPos X="39" Y="706"/>
        <UsageCount Value="36"/>
        <DefaultSyntaxHighlighter Value="Delphi"/>
      </Unit21>
      <Unit22>
        <Filename Value="drawu.pas"/>
        <IsPartOfProject Value="True"/>
        <EditorIndex Value="-1"/>
        <WindowIndex Value="1"/>
        <CursorPos X="14" Y="2"/>
        <UsageCount Value="200"/>
        <DefaultSyntaxHighlighter Value="Delphi"/>
      </Unit22>
      <Unit23>
        <Filename Value="colorbar2d.pas"/>
        <EditorIndex Value="-1"/>
        <WindowIndex Value="1"/>
        <CursorPos X="14" Y="4"/>
        <UsageCount Value="38"/>
        <DefaultSyntaxHighlighter Value="Delphi"/>
      </Unit23>
      <Unit24>
        <Filename Value="dcm2nii.pas"/>
        <IsPartOfProject Value="True"/>
        <ComponentName Value="dcm2niiForm"/>
        <HasResources Value="True"/>
        <ResourceBaseClass Value="Form"/>
        <EditorIndex Value="-1"/>
        <WindowIndex Value="1"/>
        <TopLine Value="77"/>
        <CursorPos X="22" Y="100"/>
        <UsageCount Value="200"/>
        <DefaultSyntaxHighlighter Value="Delphi"/>
      </Unit24>
      <Unit25>
        <Filename Value="nifti_foreign.pas"/>
        <EditorIndex Value="-1"/>
        <WindowIndex Value="1"/>
        <TopLine Value="713"/>
        <CursorPos X="63" Y="730"/>
        <UsageCount Value="28"/>
        <DefaultSyntaxHighlighter Value="Delphi"/>
      </Unit25>
      <Unit26>
        <Filename Value="clut.pas"/>
        <IsPartOfProject Value="True"/>
        <EditorIndex Value="2"/>
        <WindowIndex Value="1"/>
        <CursorPos X="137" Y="3"/>
        <UsageCount Value="201"/>
        <Loaded Value="True"/>
        <DefaultSyntaxHighlighter Value="Delphi"/>
      </Unit26>
      <Unit27>
        <Filename Value="autoroi.pas"/>
        <IsPartOfProject Value="True"/>
        <ComponentName Value="AutoROIForm"/>
        <HasResources Value="True"/>
        <ResourceBaseClass Value="Form"/>
        <EditorIndex Value="-1"/>
        <WindowIndex Value="1"/>
        <TopLine Value="113"/>
        <CursorPos X="5" Y="115"/>
        <UsageCount Value="201"/>
        <DefaultSyntaxHighlighter Value="Delphi"/>
      </Unit27>
      <Unit28>
        <Filename Value="textfx.pas"/>
        <EditorIndex Value="-1"/>
        <WindowIndex Value="1"/>
        <CursorPos X="14" Y="2"/>
        <UsageCount Value="10"/>
        <DefaultSyntaxHighlighter Value="Delphi"/>
      </Unit28>
      <Unit29>
        <Filename Value="nifti_types.pas"/>
        <EditorIndex Value="-1"/>
        <WindowIndex Value="1"/>
        <TopLine Value="58"/>
        <CursorPos X="11" Y="68"/>
        <UsageCount Value="30"/>
        <DefaultSyntaxHighlighter Value="Delphi"/>
      </Unit29>
      <Unit30>
        <Filename Value="dglOpenGL.pas"/>
        <EditorIndex Value="-1"/>
        <WindowIndex Value="1"/>
        <TopLine Value="7347"/>
        <CursorPos X="56" Y="7365"/>
        <UsageCount Value="3"/>
        <DefaultSyntaxHighlighter Value="Delphi"/>
      </Unit30>
      <Unit31>
        <Filename Value="extractui.pas"/>
        <IsPartOfProject Value="True"/>
        <ComponentName Value="ExtractForm"/>
        <HasResources Value="True"/>
        <ResourceBaseClass Value="Form"/>
        <EditorIndex Value="-1"/>
        <WindowIndex Value="1"/>
        <CursorPos X="67" Y="13"/>
        <UsageCount Value="200"/>
        <DefaultSyntaxHighlighter Value="Delphi"/>
      </Unit31>
      <Unit32>
        <Filename Value="coordinates.pas"/>
        <EditorIndex Value="-1"/>
        <WindowIndex Value="1"/>
        <CursorPos X="17"/>
        <UsageCount Value="24"/>
        <DefaultSyntaxHighlighter Value="Delphi"/>
      </Unit32>
      <Unit33>
        <Filename Value="C:\Developer\lazarus\lcl\grids.pas"/>
        <TopLine Value="9133"/>
        <CursorPos X="41" Y="9136"/>
        <UsageCount Value="19"/>
        <DefaultSyntaxHighlighter Value="Delphi"/>
      </Unit33>
      <Unit34>
        <Filename Value="uscaledpi.pas"/>
        <IsPartOfProject Value="True"/>
        <EditorIndex Value="-1"/>
        <WindowIndex Value="1"/>
        <TopLine Value="24"/>
        <CursorPos X="6" Y="44"/>
        <UsageCount Value="200"/>
        <DefaultSyntaxHighlighter Value="Delphi"/>
      </Unit34>
      <Unit35>
        <Filename Value="C:\Developer\lazarus\components\opengl\lazopenglcontext.pas"/>
        <EditorIndex Value="-1"/>
        <WindowIndex Value="1"/>
        <CursorPos X="3" Y="10"/>
        <UsageCount Value="8"/>
        <DefaultSyntaxHighlighter Value="Delphi"/>
      </Unit35>
      <Unit36>
        <Filename Value="nii_mat.pas"/>
        <EditorIndex Value="-1"/>
        <WindowIndex Value="1"/>
        <TopLine Value="28"/>
        <CursorPos X="90" Y="101"/>
        <UsageCount Value="20"/>
        <DefaultSyntaxHighlighter Value="Delphi"/>
      </Unit36>
      <Unit37>
        <Filename Value="userdir.pas"/>
        <EditorIndex Value="-1"/>
        <WindowIndex Value="1"/>
        <TopLine Value="236"/>
        <CursorPos X="8" Y="238"/>
        <UsageCount Value="51"/>
        <DefaultSyntaxHighlighter Value="Delphi"/>
      </Unit37>
      <Unit38>
        <Filename Value="C:\Developer\lazarus\lcl\interfaces\carbon\carboncanvas.pp"/>
        <EditorIndex Value="-1"/>
        <WindowIndex Value="1"/>
        <TopLine Value="1571"/>
        <CursorPos X="29" Y="1580"/>
        <UsageCount Value="8"/>
        <DefaultSyntaxHighlighter Value="Delphi"/>
      </Unit38>
      <Unit39>
        <Filename Value="C:\usr\local\share\fpcsrc\packages\cocoaint\src\appkit\NSView.inc"/>
        <EditorIndex Value="-1"/>
        <WindowIndex Value="1"/>
        <TopLine Value="191"/>
        <CursorPos X="61" Y="205"/>
        <UsageCount Value="8"/>
        <DefaultSyntaxHighlighter Value="Delphi"/>
      </Unit39>
      <Unit40>
        <Filename Value="options.inc"/>
        <EditorIndex Value="-1"/>
        <WindowIndex Value="1"/>
        <CursorPos X="3" Y="3"/>
        <UsageCount Value="5"/>
        <DefaultSyntaxHighlighter Value="Delphi"/>
      </Unit40>
      <Unit41>
        <Filename Value="..\..\..\..\..\Developer\lazarus\lcl\include\customform.inc"/>
        <EditorIndex Value="-1"/>
        <WindowIndex Value="1"/>
        <TopLine Value="1833"/>
        <CursorPos Y="1844"/>
        <UsageCount Value="3"/>
        <DefaultSyntaxHighlighter Value="Delphi"/>
      </Unit41>
      <Unit42>
        <Filename Value="..\..\..\lazarus\components\opengl\openglcontext.pas"/>
        <UnitName Value="OpenGLContext"/>
        <EditorIndex Value="-1"/>
        <WindowIndex Value="1"/>
        <TopLine Value="523"/>
        <CursorPos X="23" Y="537"/>
        <UsageCount Value="1"/>
      </Unit42>
      <Unit43>
        <Filename Value="lut.pas"/>
        <EditorIndex Value="-1"/>
        <WindowIndex Value="1"/>
        <CursorPos X="22"/>
        <UsageCount Value="1"/>
        <DefaultSyntaxHighlighter Value="Delphi"/>
      </Unit43>
      <Unit44>
        <Filename Value="..\..\..\..\..\usr\local\share\fpcsrc\packages\fcl-base\src\inifiles.pp"/>
        <UnitName Value="IniFiles"/>
        <EditorIndex Value="-1"/>
        <WindowIndex Value="1"/>
        <TopLine Value="59"/>
        <UsageCount Value="53"/>
      </Unit44>
      <Unit45>
        <Filename Value="..\..\..\lazarus\components\lazutils\fileutil.pas"/>
        <UnitName Value="FileUtil"/>
        <EditorIndex Value="-1"/>
        <WindowIndex Value="1"/>
        <TopLine Value="153"/>
        <CursorPos X="35" Y="167"/>
        <UsageCount Value="51"/>
      </Unit45>
      <Unit46>
        <Filename Value="..\..\..\lazarus\components\codetools\fileprocs.pas"/>
        <UnitName Value="FileProcs"/>
        <EditorIndex Value="-1"/>
        <WindowIndex Value="1"/>
        <TopLine Value="1342"/>
        <CursorPos X="66" Y="1346"/>
        <UsageCount Value="51"/>
      </Unit46>
      <Unit47>
        <Filename Value="..\..\..\..\..\usr\local\share\fpcsrc\rtl\inc\objpash.inc"/>
        <EditorIndex Value="-1"/>
        <WindowIndex Value="1"/>
        <TopLine Value="177"/>
        <CursorPos X="8" Y="192"/>
        <UsageCount Value="49"/>
      </Unit47>
      <Unit48>
        <Filename Value="..\..\..\lazarus\lcl\graphics.pp"/>
        <UnitName Value="Graphics"/>
        <EditorIndex Value="-1"/>
        <WindowIndex Value="1"/>
        <TopLine Value="2657"/>
        <CursorPos Y="2681"/>
        <UsageCount Value="7"/>
      </Unit48>
      <Unit49>
        <Filename Value="..\..\..\lazarus\lcl\graphtype.pp"/>
        <UnitName Value="GraphType"/>
        <EditorIndex Value="-1"/>
        <WindowIndex Value="1"/>
        <TopLine Value="18"/>
        <CursorPos X="68" Y="20"/>
        <UsageCount Value="7"/>
      </Unit49>
      <Unit50>
        <Filename Value="histogram2d.pas"/>
        <EditorIndex Value="4"/>
        <WindowIndex Value="1"/>
        <TopLine Value="200"/>
        <CursorPos X="13" Y="202"/>
        <UsageCount Value="10"/>
        <Loaded Value="True"/>
        <DefaultSyntaxHighlighter Value="Delphi"/>
      </Unit50>
      <Unit51>
        <Filename Value="extract.pas"/>
        <EditorIndex Value="-1"/>
        <WindowIndex Value="1"/>
        <CursorPos X="14" Y="6"/>
        <UsageCount Value="10"/>
        <DefaultSyntaxHighlighter Value="Delphi"/>
      </Unit51>
      <Unit52>
        <Filename Value="histogram.pas"/>
        <EditorIndex Value="3"/>
        <WindowIndex Value="1"/>
        <TopLine Value="407"/>
        <CursorPos X="58" Y="419"/>
        <UsageCount Value="10"/>
        <Loaded Value="True"/>
        <DefaultSyntaxHighlighter Value="Delphi"/>
      </Unit52>
      <Unit53>
        <Filename Value="opts.inc"/>
        <EditorIndex Value="9"/>
        <WindowIndex Value="1"/>
        <CursorPos Y="5"/>
        <UsageCount Value="13"/>
        <Loaded Value="True"/>
        <DefaultSyntaxHighlighter Value="Delphi"/>
      </Unit53>
    </Units>
    <JumpHistory Count="30" HistoryIndex="29">
      <Position1>
        <Filename Value="clut.pas"/>
        <Caret Line="120" Column="12" TopLine="97"/>
      </Position1>
      <Position2>
        <Filename Value="clut.pas"/>
        <Caret Line="139" Column="12" TopLine="116"/>
      </Position2>
      <Position3>
        <Filename Value="clut.pas"/>
        <Caret Line="286" Column="20" TopLine="263"/>
      </Position3>
      <Position4>
        <Filename Value="mainunit.pas"/>
        <Caret Line="2283" Column="18" TopLine="2281"/>
      </Position4>
      <Position5>
        <Filename Value="mainunit.pas"/>
        <Caret Line="2308" Column="49" TopLine="2289"/>
      </Position5>
      <Position6>
        <Filename Value="histogram2d.pas"/>
        <Caret Line="221" Column="13" TopLine="204"/>
      </Position6>
      <Position7>
        <Filename Value="mainunit.pas"/>
        <Caret Line="2299" Column="28" TopLine="2298"/>
      </Position7>
      <Position8>
        <Filename Value="mainunit.pas"/>
        <Caret Line="891" Column="9" TopLine="877"/>
      </Position8>
      <Position9>
        <Filename Value="mainunit.pas"/>
        <Caret Line="900" Column="11" TopLine="877"/>
      </Position9>
      <Position10>
        <Filename Value="texture_3d_unit.pas"/>
        <Caret Line="1357" Column="24" TopLine="1337"/>
      </Position10>
      <Position11>
        <Filename Value="histogram.pas"/>
        <Caret Line="17" Column="25"/>
      </Position11>
      <Position12>
        <Filename Value="histogram.pas"/>
        <Caret Line="6" Column="24"/>
      </Position12>
      <Position13>
        <Filename Value="histogram.pas"/>
        <Caret Line="12" Column="28"/>
      </Position13>
      <Position14>
        <Filename Value="histogram.pas"/>
        <Caret Line="70" Column="20" TopLine="47"/>
      </Position14>
      <Position15>
        <Filename Value="histogram.pas"/>
        <Caret Column="28"/>
      </Position15>
      <Position16>
        <Filename Value="histogram.pas"/>
        <Caret Line="12" Column="28"/>
      </Position16>
      <Position17>
        <Filename Value="histogram.pas"/>
        <Caret Line="17" Column="22"/>
      </Position17>
      <Position18>
        <Filename Value="histogram.pas"/>
        <Caret Line="70" Column="95" TopLine="46"/>
      </Position18>
      <Position19>
        <Filename Value="histogram.pas"/>
        <Caret Line="158" Column="81" TopLine="129"/>
      </Position19>
      <Position20>
        <Filename Value="histogram2d.pas"/>
        <Caret Line="202" Column="13" TopLine="200"/>
      </Position20>
      <Position21>
        <Filename Value="histogram.pas"/>
        <Caret Line="419" Column="67" TopLine="404"/>
      </Position21>
      <Position22>
        <Filename Value="texture_3d_unit.pas"/>
        <Caret Line="1348" Column="122" TopLine="1334"/>
      </Position22>
      <Position23>
        <Filename Value="histogram.pas"/>
        <Caret Line="419" Column="21" TopLine="404"/>
      </Position23>
      <Position24>
        <Filename Value="histogram.pas"/>
        <Caret Line="12" Column="28"/>
      </Position24>
      <Position25>
        <Filename Value="histogram.pas"/>
        <Caret Line="70" Column="20" TopLine="46"/>
      </Position25>
      <Position26>
        <Filename Value="texture_3d_unit.pas"/>
        <Caret Line="1357" Column="9" TopLine="1343"/>
      </Position26>
      <Position27>
        <Filename Value="texture_3d_unit.pas"/>
        <Caret Line="1358" Column="97" TopLine="1342"/>
      </Position27>
      <Position28>
        <Filename Value="histogram.pas"/>
        <Caret Line="12" Column="101"/>
      </Position28>
      <Position29>
        <Filename Value="histogram.pas"/>
        <Caret Line="70" Column="87" TopLine="58"/>
      </Position29>
      <Position30>
        <Filename Value="histogram.pas"/>
        <Caret Line="419" Column="58" TopLine="407"/>
      </Position30>
    </JumpHistory>
  </ProjectOptions>
  <CompilerOptions>
    <Version Value="11"/>
    <PathDelim Value="\"/>
    <Target>
      <Filename Value="MRIcroGL"/>
    </Target>
    <SearchPaths>
      <IncludeFiles Value="$(ProjOutDir)"/>
      <UnitOutputDirectory Value="lib\$(TargetCPU)-$(TargetOS)"/>
    </SearchPaths>
    <Parsing>
      <SyntaxOptions>
        <SyntaxMode Value="Delphi"/>
        <UseAnsiStrings Value="False"/>
      </SyntaxOptions>
    </Parsing>
    <CodeGeneration>
      <SmartLinkUnit Value="True"/>
      <Optimizations>
        <OptimizationLevel Value="3"/>
      </Optimizations>
    </CodeGeneration>
    <Linking>
      <Debugging>
        <GenerateDebugInfo Value="False"/>
        <UseLineInfoUnit Value="False"/>
        <StripSymbols Value="True"/>
      </Debugging>
      <LinkSmart Value="True"/>
      <Options>
        <LinkerOptions Value="-macosx_version_min 10.4"/>
        <Win32>
          <GraphicApplication Value="True"/>
        </Win32>
      </Options>
    </Linking>
    <Other>
      <WriteFPCLogo Value="False"/>
    </Other>
  </CompilerOptions>
  <Debugging>
    <Exceptions Count="4">
      <Item1>
        <Name Value="EAbort"/>
      </Item1>
      <Item2>
        <Name Value="ECodetoolError"/>
      </Item2>
      <Item3>
        <Name Value="EFOpenError"/>
      </Item3>
      <Item4>
        <Name Value="RunError(203)"/>
      </Item4>
    </Exceptions>
  </Debugging>
</CONFIG>
